
Microsoft Visual Studio Solution File, Format Version 12.00
# Visual Studio Version 17
VisualStudioVersion = 17.9.34622.214
MinimumVisualStudioVersion = 10.0.40219.1
Project("{FAE04EC0-301F-11D3-BF4B-00C04F79EFBC}") = "Knapsack", "Knapsack\Knapsack.csproj", "{A352998D-3260-40C4-B821-B7FD9175A1FE}"
EndProject
Global
	GlobalSection(SolutionConfigurationPlatforms) = preSolution
		Debug|Any CPU = Debug|Any CPU
		Release|Any CPU = Release|Any CPU
	EndGlobalSection
	GlobalSection(ProjectConfigurationPlatforms) = postSolution
		{A352998D-3260-40C4-B821-B7FD9175A1FE}.Debug|Any CPU.ActiveCfg = Debug|Any CPU
		{A352998D-3260-40C4-B821-B7FD9175A1FE}.Debug|Any CPU.Build.0 = Debug|Any CPU
		{A352998D-3260-40C4-B821-B7FD9175A1FE}.Release|Any CPU.ActiveCfg = Release|Any CPU
		{A352998D-3260-40C4-B821-B7FD9175A1FE}.Release|Any CPU.Build.0 = Release|Any CPU
	EndGlobalSection
	GlobalSection(SolutionProperties) = preSolution
		HideSolutionNode = FALSE
	EndGlobalSection
	GlobalSection(ExtensibilityGlobals) = postSolution
		SolutionGuid = {8E8E75C3-B49C-4910-87AB-C39519BF7167}
	EndGlobalSection
EndGlobal
